
Microsoft Visual Studio Solution File, Format Version 12.00
# Visual Studio 15
VisualStudioVersion = 15.0.28010.2016
MinimumVisualStudioVersion = 10.0.40219.1
Project("{8BC9CEB8-8B4A-11D0-8D11-00A0C91BC942}") = "StableFlow", "StableFlow\StableFlow.vcxproj", "{43AFE752-B391-43B3-8473-CC329ABFC23E}"
EndProject
Global
	GlobalSection(SolutionConfigurationPlatforms) = preSolution
		Debug|x64 = Debug|x64
		Debug|x86 = Debug|x86
		Release|x64 = Release|x64
		Release|x86 = Release|x86
	EndGlobalSection
	GlobalSection(ProjectConfigurationPlatforms) = postSolution
		{43AFE752-B391-43B3-8473-CC329ABFC23E}.Debug|x64.ActiveCfg = Debug|x64
		{43AFE752-B391-43B3-8473-CC329ABFC23E}.Debug|x64.Build.0 = Debug|x64
		{43AFE752-B391-43B3-8473-CC329ABFC23E}.Debug|x86.ActiveCfg = Debug|Win32
		{43AFE752-B391-43B3-8473-CC329ABFC23E}.Debug|x86.Build.0 = Debug|Win32
		{43AFE752-B391-43B3-8473-CC329ABFC23E}.Release|x64.ActiveCfg = Release|x64
		{43AFE752-B391-43B3-8473-CC329ABFC23E}.Release|x64.Build.0 = Release|x64
		{43AFE752-B391-43B3-8473-CC329ABFC23E}.Release|x86.ActiveCfg = Release|Win32
		{43AFE752-B391-43B3-8473-CC329ABFC23E}.Release|x86.Build.0 = Release|Win32
	EndGlobalSection
	GlobalSection(SolutionProperties) = preSolution
		HideSolutionNode = FALSE
	EndGlobalSection
	GlobalSection(ExtensibilityGlobals) = postSolution
		SolutionGuid = {5FA6DCF5-878E-48E3-BC41-48094718B932}
	EndGlobalSection
EndGlobal
